
Microsoft Visual Studio Solution File, Format Version 12.00
# Visual Studio 15
VisualStudioVersion = 15.0.27703.2042
MinimumVisualStudioVersion = 10.0.40219.1
Project("{FAE04EC0-301F-11D3-BF4B-00C04F79EFBC}") = "AdvanceDB", "AdvanceDB\AdvanceDB.csproj", "{ABA9019D-220F-4BA5-A6A9-87A9611DBDB7}"
EndProject
Project("{FAE04EC0-301F-11D3-BF4B-00C04F79EFBC}") = "AdvanceDBTwo", "AdvanceDBTwo\AdvanceDBTwo.csproj", "{9BF68EC9-0A92-4E4F-B248-33A06EA4FA6F}"
EndProject
Global
	GlobalSection(SolutionConfigurationPlatforms) = preSolution
		Debug|Any CPU = Debug|Any CPU
		Release|Any CPU = Release|Any CPU
	EndGlobalSection
	GlobalSection(ProjectConfigurationPlatforms) = postSolution
		{ABA9019D-220F-4BA5-A6A9-87A9611DBDB7}.Debug|Any CPU.ActiveCfg = Debug|Any CPU
		{ABA9019D-220F-4BA5-A6A9-87A9611DBDB7}.Debug|Any CPU.Build.0 = Debug|Any CPU
		{ABA9019D-220F-4BA5-A6A9-87A9611DBDB7}.Release|Any CPU.ActiveCfg = Release|Any CPU
		{ABA9019D-220F-4BA5-A6A9-87A9611DBDB7}.Release|Any CPU.Build.0 = Release|Any CPU
		{9BF68EC9-0A92-4E4F-B248-33A06EA4FA6F}.Debug|Any CPU.ActiveCfg = Debug|Any CPU
		{9BF68EC9-0A92-4E4F-B248-33A06EA4FA6F}.Debug|Any CPU.Build.0 = Debug|Any CPU
		{9BF68EC9-0A92-4E4F-B248-33A06EA4FA6F}.Release|Any CPU.ActiveCfg = Release|Any CPU
		{9BF68EC9-0A92-4E4F-B248-33A06EA4FA6F}.Release|Any CPU.Build.0 = Release|Any CPU
	EndGlobalSection
	GlobalSection(SolutionProperties) = preSolution
		HideSolutionNode = FALSE
	EndGlobalSection
	GlobalSection(ExtensibilityGlobals) = postSolution
		SolutionGuid = {6EF8F279-FDAB-464C-97DB-501A5DE013B7}
	EndGlobalSection
EndGlobal
