
Microsoft Visual Studio Solution File, Format Version 12.00
# Visual Studio 15
VisualStudioVersion = 15.0.27703.2042
MinimumVisualStudioVersion = 10.0.40219.1
Project("{FAE04EC0-301F-11D3-BF4B-00C04F79EFBC}") = "BookMyRide_WebAPI", "BookMyRide_WebAPI\BookMyRide_WebAPI.csproj", "{B0C22EB6-7D63-41DC-BF8D-5D9B808ABC11}"
EndProject
Project("{FAE04EC0-301F-11D3-BF4B-00C04F79EFBC}") = "BookMyRide.BusinessLayer", "BookMyRide.BusinessLayer\BookMyRide.BusinessLayer.csproj", "{988BB1A4-FEA5-46A5-BE61-F00C094D12FA}"
EndProject
Project("{FAE04EC0-301F-11D3-BF4B-00C04F79EFBC}") = "BookMyRide.DataAccessLayer", "BookMyRide.DataAccessLayer\BookMyRide.DataAccessLayer.csproj", "{7AEB5B18-94B1-4269-A484-350FAEE6DE18}"
EndProject
Project("{FAE04EC0-301F-11D3-BF4B-00C04F79EFBC}") = "BookMyRide.EntityLayer", "BookMyRide.EntityLayer\BookMyRide.EntityLayer.csproj", "{68AC3D62-437A-4F96-94D1-56828521B4B0}"
EndProject
Global
	GlobalSection(SolutionConfigurationPlatforms) = preSolution
		Debug|Any CPU = Debug|Any CPU
		Release|Any CPU = Release|Any CPU
	EndGlobalSection
	GlobalSection(ProjectConfigurationPlatforms) = postSolution
		{B0C22EB6-7D63-41DC-BF8D-5D9B808ABC11}.Debug|Any CPU.ActiveCfg = Debug|Any CPU
		{B0C22EB6-7D63-41DC-BF8D-5D9B808ABC11}.Debug|Any CPU.Build.0 = Debug|Any CPU
		{B0C22EB6-7D63-41DC-BF8D-5D9B808ABC11}.Release|Any CPU.ActiveCfg = Release|Any CPU
		{B0C22EB6-7D63-41DC-BF8D-5D9B808ABC11}.Release|Any CPU.Build.0 = Release|Any CPU
		{988BB1A4-FEA5-46A5-BE61-F00C094D12FA}.Debug|Any CPU.ActiveCfg = Debug|Any CPU
		{988BB1A4-FEA5-46A5-BE61-F00C094D12FA}.Debug|Any CPU.Build.0 = Debug|Any CPU
		{988BB1A4-FEA5-46A5-BE61-F00C094D12FA}.Release|Any CPU.ActiveCfg = Release|Any CPU
		{988BB1A4-FEA5-46A5-BE61-F00C094D12FA}.Release|Any CPU.Build.0 = Release|Any CPU
		{7AEB5B18-94B1-4269-A484-350FAEE6DE18}.Debug|Any CPU.ActiveCfg = Debug|Any CPU
		{7AEB5B18-94B1-4269-A484-350FAEE6DE18}.Debug|Any CPU.Build.0 = Debug|Any CPU
		{7AEB5B18-94B1-4269-A484-350FAEE6DE18}.Release|Any CPU.ActiveCfg = Release|Any CPU
		{7AEB5B18-94B1-4269-A484-350FAEE6DE18}.Release|Any CPU.Build.0 = Release|Any CPU
		{68AC3D62-437A-4F96-94D1-56828521B4B0}.Debug|Any CPU.ActiveCfg = Debug|Any CPU
		{68AC3D62-437A-4F96-94D1-56828521B4B0}.Debug|Any CPU.Build.0 = Debug|Any CPU
		{68AC3D62-437A-4F96-94D1-56828521B4B0}.Release|Any CPU.ActiveCfg = Release|Any CPU
		{68AC3D62-437A-4F96-94D1-56828521B4B0}.Release|Any CPU.Build.0 = Release|Any CPU
	EndGlobalSection
	GlobalSection(SolutionProperties) = preSolution
		HideSolutionNode = FALSE
	EndGlobalSection
	GlobalSection(ExtensibilityGlobals) = postSolution
		SolutionGuid = {6AC8DDEE-F483-454E-82C0-2754B1B2744A}
	EndGlobalSection
EndGlobal
